{
  "name": "hzspecPhone",
  "version": "0.0.1",
  "lockfileVersion": 1,
  "requires": true,
  "dependencies": {
    "@angular/animations": {
      "version": "5.2.11",
      "resolved": "https://registry.npmjs.org/@angular/animations/-/animations-5.2.11.tgz",
      "integrity": "sha512-J7wKHkFn3wV28/Y1Qm4yjGXVCwXzj1JR5DRjGDTFnxTRacUFx7Nj0ApGhN0b2+V0NOvgxQOvEW415Y22kGoblw=="
    },
    "@angular/common": {
      "version": "5.2.11",
      "resolved": "https://registry.npmjs.org/@angular/common/-/common-5.2.11.tgz",
      "integrity": "sha512-LniJjGAeftUJDJh+2+LEjltcGen08C/VMxQ/eUYmesytKy1sN+MWzh3GbpKfEWtWmyUsYTG9lAAJNo3L3jPwsw=="
    },
    "@angular/compiler": {
      "version": "5.2.11",
      "resolved": "https://registry.npmjs.org/@angular/compiler/-/compiler-5.2.11.tgz",
      "integrity": "sha512-ICvB1ud1mxaXUYLb8vhJqiLhGBVocAZGxoHTglv6hMkbrRYcnlB3FZJFOzBvtj+krkd1jamoYLI43UAmesqQ6Q=="
    },
    "@angular/compiler-cli": {
      "version": "5.2.11",
      "resolved": "https://registry.npmjs.org/@angular/compiler-cli/-/compiler-cli-5.2.11.tgz",
      "integrity": "sha512-dwrQ0yxoCM/XzKzlm7pTsyg4/6ECjT9emZufGj8t12bLMO8NDn1IJOsqXJA1+onEgQKhlr0Ziwi+96TvDTb1Cg=="
    },
    "@angular/core": {
      "version": "5.2.11",
      "resolved": "https://registry.npmjs.org/@angular/core/-/core-5.2.11.tgz",
      "integrity": "sha512-h2vpvXNAdOqKzbVaZcHnHGMT5A8uDnizk6FgGq6SPyw9s3d+/VxZ9LJaPjUk3g2lICA7og1tUel+2YfF971MlQ=="
    },
    "@angular/forms": {
      "version": "5.2.11",
      "resolved": "https://registry.npmjs.org/@angular/forms/-/forms-5.2.11.tgz",
      "integrity": "sha512-wBllFlIubPclAFRXUc84Kc7TMeKOftzrQraVZ7ooTNeFLLa/FZLN2K8HGyRde8X/XDsMu1XAmjNfkz++spwTzA=="
    },
    "@angular/http": {
      "version": "5.2.11",
      "resolved": "https://registry.npmjs.org/@angular/http/-/http-5.2.11.tgz",
      "integrity": "sha512-eR7wNXh1+6MpcQNb3sq4bJVX03dx50Wl3kpPG+Q7N1VSL0oPQSobaTrR17ac3oFCEfSJn6kkUCqtUXha6wcNHg=="
    },
    "@angular/platform-browser": {
      "version": "5.2.11",
      "resolved": "https://registry.npmjs.org/@angular/platform-browser/-/platform-browser-5.2.11.tgz",
      "integrity": "sha512-6YZ4IpBFqXx88vEzBZG2WWnaSYXbFWDgG0iT+bZPHAfwsbmqbcMcs7Ogu+XZ4VmK02dTqbrFh7U4P2W+sqrzow=="
    },
    "@angular/platform-browser-dynamic": {
      "version": "5.2.11",
      "resolved": "https://registry.npmjs.org/@angular/platform-browser-dynamic/-/platform-browser-dynamic-5.2.11.tgz",
      "integrity": "sha512-5kKPNULcXNwkyBjpHfF+pq+Yxi8Zl866YSOK9t8txoiQ9Ctw97kMkEJcTetk6MJgBp/NP3YyjtoTAm8oXLerug=="
    },
    "@ionic-native/core": {
      "version": "4.12.2",
      "resolved": "https://registry.npmjs.org/@ionic-native/core/-/core-4.12.2.tgz",
      "integrity": "sha512-s1lAvBvluzYG2py57RofFq3tpfGz+vYLexgjZ2vlZnqCdVPMT6/Vo5nu2F+kx+1g+Ps3hA1TGKQsX9yV7j7nPA=="
    },
    "@ionic-native/device": {
      "version": "4.20.0",
      "resolved": "https://registry.npmjs.org/@ionic-native/device/-/device-4.20.0.tgz",
      "integrity": "sha512-ogHZwlC1GLbj2sL/eRp+RDs7bWc1AuwKNhgtDLE3yjXey09I5ErkADLydugMTEYoU/Wja9+YjXdZGymuaHwgNg=="
    },
    "@ionic-native/network": {
      "version": "4.20.0",
      "resolved": "https://registry.npmjs.org/@ionic-native/network/-/network-4.20.0.tgz",
      "integrity": "sha512-BBSeaJJEd9KpzJmgkZwti0pzWeDO3bIVyl6/+c/Ivi1ytmJI2kL0bQcukLuABv02rCeKczVuzUgL0D4dGWtLqA=="
    },
    "@ionic-native/splash-screen": {
      "version": "4.12.2",
      "resolved": "https://registry.npmjs.org/@ionic-native/splash-screen/-/splash-screen-4.12.2.tgz",
      "integrity": "sha512-WqW127dbaMzIzhoSrXJ/aSX19cSpkIPZm3b4CjJeRRfOASFgSwXAoSqx6Ot5fbz9nQtGo2+x6tK4gH1Nj021Yg=="
    },
    "@ionic-native/status-bar": {
      "version": "4.12.2",
      "resolved": "https://registry.npmjs.org/@ionic-native/status-bar/-/status-bar-4.12.2.tgz",
      "integrity": "sha512-9oRqMdI2OSyw4rXgtUBNC38axLnnNjxkHveBsR7KxdlWJGmIxchLgLu/OSIvMcMC7n0syakR3Ubar4lWOkvYvA=="
    },
    "@ionic/app-scripts": {
      "version": "3.2.0",
      "resolved": "https://registry.npmjs.org/@ionic/app-scripts/-/app-scripts-3.2.0.tgz",
      "integrity": "sha512-JZkRPg/qtOW3u3Dy/Z2EQ8D41ytK14tnuNck782JBAyL4kc6cCju589YNuiJc3DionAGu/B0Qsmv9czw/McHQg==",
      "dev": true,
      "dependencies": {
        "source-map": {
          "version": "0.6.1",
          "resolved": "https://registry.npmjs.org/source-map/-/source-map-0.6.1.tgz",
          "integrity": "sha512-UjgapumWlbMhkBgzT7Ykc5YXUT46F0iKu8SGXq0bcwP5dz/h0Plj6enJqjz1Zbq2l5WaqYnrVbwWOWMyF3F47g=="
        }
      }
    },
    "@ionic/cli-plugin-cordova": {
      "version": "1.6.2",
      "resolved": "https://registry.npmjs.org/@ionic/cli-plugin-cordova/-/cli-plugin-cordova-1.6.2.tgz",
      "integrity": "sha512-ZAdVISxGsRfKFzbCle4Sb3ycLBJ/uFoefkP1Blm8P6L7Mst4JlDGIGUDwGkpfNaGuT9IKyqmzIvv1fhWwZX5ng==",
      "dev": true
    },
    "@ionic/cli-plugin-ionic-angular": {
      "version": "1.4.1",
      "resolved": "https://registry.npmjs.org/@ionic/cli-plugin-ionic-angular/-/cli-plugin-ionic-angular-1.4.1.tgz",
      "integrity": "sha512-GwGbDH+n6Qajw8faZBD3qq9xh4+DTBdwQqf6EpI4/DkHfzWzeq6asvRjrY1TPTDfMinQI5NTsrx0zup4qceGFA==",
      "dev": true
    },
    "@ionic/pro": {
      "version": "2.0.3",
      "resolved": "https://registry.npmjs.org/@ionic/pro/-/pro-2.0.3.tgz",
      "integrity": "sha512-l6c7V1JsNIqgd+wHjPwigQjdCNMdoXWH//CtvQvtELFI204ZJJJUq+EMGv88Qhl2AMgj2hN6hOClaEbSqXO5NA=="
    },
    "@ionic/storage": {
      "version": "2.2.0",
      "resolved": "https://registry.npmjs.org/@ionic/storage/-/storage-2.2.0.tgz",
      "integrity": "sha512-2pszrzmI+fAar2Rx0WmJDVpc15D1k5tvLkB49NLYWJ2pOMaO/3/vp7mg/mEbg3rdsPE9FRbYI6vdKjQ2pP1EWA=="
    },
    "@jiguang-ionic/jpush": {
      "version": "1.0.2",
      "resolved": "https://registry.npmjs.org/@jiguang-ionic/jpush/-/jpush-1.0.2.tgz",
      "integrity": "sha512-k/rwZ33Dnz0pM2FBON4hWvcfCGpuMQ4mtldZfGTOyoV1j4bkJuG0nUVyLD6BjeTRfhAqiaHOzdw+hwABbyDsWg=="
    },
    "@lovanya/speedtest": {
      "version": "0.0.7",
      "resolved": "https://registry.npmjs.org/@lovanya/speedtest/-/speedtest-0.0.7.tgz",
      "integrity": "sha512-Q29O3Azm0HN3OUimSU4Im2nEAIclQDUWWOQL5hmK7y1gk6TVwZ5jGQwrD1z5S37BOzwhNW8iir9Zn6qbItbOkA==",
      "dependencies": {
        "browser-process-hrtime": {
          "version": "0.1.3",
          "resolved": "https://registry.npmjs.org/browser-process-hrtime/-/browser-process-hrtime-0.1.3.tgz",
          "integrity": "sha512-bRFnI4NnjO6cnyLmOV/7PVoDEMJChlcfN0z4s1YMBY989/SvlfMI1lgCnkFUs53e9gQF+w7qu7XdllSTiSl8Aw=="
        }
      }
    },
    "browser-process-hrtime": {
      "version": "1.0.0",
      "resolved": "https://registry.npmjs.org/browser-process-hrtime/-/browser-process-hrtime-1.0.0.tgz",
      "integrity": "sha512-9o5UecI3GhkpM6DrXr69PblIuWxPKk9Y0jHBRhdocZ2y7YECBFCsHm79Pr3OyR2AvjhDkabFJaDJMYRazHgsow=="
    },
    "cordova-android": {
      "version": "7.1.2",
      "resolved": "https://registry.npmjs.org/cordova-android/-/cordova-android-7.1.2.tgz",
      "integrity": "sha512-w28HJGtfAZCT96hVH9BMppWMnmDTZplKu2NRQZN2dCr5e9r7aHpay41MYy9IBkh8+7E7lMo/jZkRwBDNr4VnEg==",
      "dependencies": {
        "abbrev": {
          "version": "1.1.1",
          "bundled": true
        },
        "android-versions": {
          "version": "1.3.0",
          "bundled": true
        },
        "ansi": {
          "version": "0.3.1",
          "bundled": true
        },
        "balanced-match": {
          "version": "1.0.0",
          "bundled": true
        },
        "base64-js": {
          "version": "1.2.0",
          "bundled": true
        },
        "big-integer": {
          "version": "1.6.32",
          "bundled": true
        },
        "bplist-parser": {
          "version": "0.1.1",
          "bundled": true
        },
        "brace-expansion": {
          "version": "1.1.11",
          "bundled": true
        },
        "concat-map": {
          "version": "0.0.1",
          "bundled": true
        },
        "cordova-common": {
          "version": "2.2.5",
          "bundled": true
        },
        "cordova-registry-mapper": {
          "version": "1.1.15",
          "bundled": true
        },
        "elementtree": {
          "version": "0.1.6",
          "bundled": true
        },
        "glob": {
          "version": "5.0.15",
          "bundled": true
        },
        "inflight": {
          "version": "1.0.6",
          "bundled": true
        },
        "inherits": {
          "version": "2.0.3",
          "bundled": true
        },
        "minimatch": {
          "version": "3.0.4",
          "bundled": true
        },
        "nopt": {
          "version": "3.0.1",
          "bundled": true
        },
        "once": {
          "version": "1.4.0",
          "bundled": true
        },
        "path-is-absolute": {
          "version": "1.0.1",
          "bundled": true
        },
        "plist": {
          "version": "2.1.0",
          "bundled": true
        },
        "properties-parser": {
          "version": "0.2.3",
          "bundled": true
        },
        "q": {
          "version": "1.4.1",
          "bundled": true
        },
        "sax": {
          "version": "0.3.5",
          "bundled": true
        },
        "semver": {
          "version": "5.5.0",
          "bundled": true
        },
        "shelljs": {
          "version": "0.5.3",
          "bundled": true
        },
        "underscore": {
          "version": "1.9.1",
          "bundled": true
        },
        "unorm": {
          "version": "1.4.1",
          "bundled": true
        },
        "wrappy": {
          "version": "1.0.2",
          "bundled": true
        },
        "xmlbuilder": {
          "version": "8.2.2",
          "bundled": true
        },
        "xmldom": {
          "version": "0.1.27",
          "bundled": true
        }
      }
    },
    "cordova-open-native-settings": {
      "version": "1.5.2",
      "resolved": "https://registry.npmjs.org/cordova-open-native-settings/-/cordova-open-native-settings-1.5.2.tgz",
      "integrity": "sha512-UvcTZAH3/r3U/jred2bOqoYIXUo5Gmq0in6fgkqvwgRCcOSQtQJWnUqg4i0RlHkEd1zKDi61JdpeSyJT+K8ZRQ=="
    },
    "cordova-plugin-device": {
      "version": "2.0.3",
      "resolved": "https://registry.npmjs.org/cordova-plugin-device/-/cordova-plugin-device-2.0.3.tgz",
      "integrity": "sha512-Jb3V72btxf3XHpkPQsGdyc8N6tVBYn1vsxSFj43fIz9vonJDUThYPCJJHqk6PX6N4dJw6I4FjxkpfCR4LDYMlw=="
    },
    "cordova-plugin-ionic-keyboard": {
      "version": "2.2.0",
      "resolved": "https://registry.npmjs.org/cordova-plugin-ionic-keyboard/-/cordova-plugin-ionic-keyboard-2.2.0.tgz",
      "integrity": "sha512-yDUG+9ieKVRitq5mGlNxjaZh/MgEhFFIgTIPhqSbUaQ8UuZbawy5mhJAVClqY97q8/rcQtL6dCDa7x2sEtCLcA=="
    },
    "cordova-plugin-jcore": {
      "version": "file:node_modules/cordova-plugin-jcore",
      "integrity": "sha1-ASJrGUzSZqSSCuTJItvLmYW4cIk="
    },
    "cordova-plugin-network-information": {
      "version": "2.0.2",
      "resolved": "https://registry.npmjs.org/cordova-plugin-network-information/-/cordova-plugin-network-information-2.0.2.tgz",
      "integrity": "sha512-NwO3qDBNL/vJxUxBTPNOA1HvkDf9eTeGH8JSZiwy1jq2W2mJKQEDBwqWkaEQS19Yd/MQTiw0cykxg5D7u4J6cQ=="
    },
    "cordova-plugin-screen-orientation": {
      "version": "3.0.2",
      "resolved": "https://registry.npmjs.org/cordova-plugin-screen-orientation/-/cordova-plugin-screen-orientation-3.0.2.tgz",
      "integrity": "sha512-2w6CMC+HGvbhogJetalwGurL2Fx8DQCCPy3wlSZHN1/W7WoQ5n9ujVozcoKrY4VaagK6bxrPFih+ElkO8Uqfzg=="
    },
    "cordova-plugin-splashscreen": {
      "version": "5.0.3",
      "resolved": "https://registry.npmjs.org/cordova-plugin-splashscreen/-/cordova-plugin-splashscreen-5.0.3.tgz",
      "integrity": "sha512-rnoDXMDfzoeHDBvsnu6JmzDE/pV5YJCAfc5hYX/Mb2BIXGgSjFJheByt0tU6kp3Wl40tSyFX4pYfBwFblBGyRg=="
    },
    "cordova-plugin-statusbar": {
      "version": "2.4.3",
      "resolved": "https://registry.npmjs.org/cordova-plugin-statusbar/-/cordova-plugin-statusbar-2.4.3.tgz",
      "integrity": "sha512-ThmXzl6QIKWFXf4wWw7Q/zpB+VKkz3VM958+5A0sXD4jmR++u7KnGttLksXshVwWr6lvGwUebLYtIyXwS4Ovcg=="
    },
    "cordova-plugin-whitelist": {
      "version": "1.3.4",
      "resolved": "https://registry.npmjs.org/cordova-plugin-whitelist/-/cordova-plugin-whitelist-1.3.4.tgz",
      "integrity": "sha512-EYC5eQFVkoYXq39l7tYKE6lEjHJ04mvTmKXxGL7quHLdFPfJMNzru/UYpn92AOfpl3PQaZmou78C7EgmFOwFQQ=="
    },
    "cordova-sqlite-storage": {
      "version": "2.6.0",
      "resolved": "https://registry.npmjs.org/cordova-sqlite-storage/-/cordova-sqlite-storage-2.6.0.tgz",
      "integrity": "sha512-m+KylFwNRsQloJ6TZihupfma2muXkmNglh8cFSiJQqriTTm6eq0gyPaAuKxgoPswe679G+0aUai07NFC/f0GGQ=="
    },
    "echarts": {
      "version": "4.6.0",
      "resolved": "https://registry.npmjs.org/echarts/-/echarts-4.6.0.tgz",
      "integrity": "sha512-xKkcr6v9UVOSF+PMuj7Ngt3bnzLwN1sSXWCvpvX+jYb3mePYsZnABq7wGkPac/m0nV653uGHXoHK8DCKCprdNg=="
    },
    "es6-promise-plugin": {
      "version": "4.2.2",
      "resolved": "https://registry.npmjs.org/es6-promise-plugin/-/es6-promise-plugin-4.2.2.tgz",
      "integrity": "sha512-uoA4aVplXI9oqUYJFBAVRwAqIN9/n9JgrTAUGX3qPbnSZVE5yY1+6/MsoN5f4xsaPO62WjPHOdtts6okMN6tNA=="
    },
    "ionic-angular": {
      "version": "3.9.2",
      "resolved": "https://registry.npmjs.org/ionic-angular/-/ionic-angular-3.9.2.tgz",
      "integrity": "sha512-BEZ6magY1i5GwM9ki/MOpszUz62+g518HsGICtw9TE1D4v9Eb6n/o7e+X0vtvpK4TdouFjQ8r5XA9VPAKW9/+Q=="
    },
    "ionicons": {
      "version": "3.0.0",
      "resolved": "https://registry.npmjs.org/ionicons/-/ionicons-3.0.0.tgz",
      "integrity": "sha1-QLja9P16MRUL0AIWD2ZJbiKpjDw="
    },
    "jpush-phonegap-plugin": {
      "version": "3.7.3",
      "resolved": "https://registry.npmjs.org/jpush-phonegap-plugin/-/jpush-phonegap-plugin-3.7.3.tgz",
      "integrity": "sha512-XOaoDOvt38+ZpxIeYoFRX1xKtj6yU2Rz2N9a+1W+fuGxMdDoq0UwjYMj/JSQim/vFqYkzUhQsMSukyxTzwnvLQ=="
    },
    "jquery": {
      "version": "3.5.0",
      "resolved": "https://registry.npmjs.org/jquery/-/jquery-3.5.0.tgz",
      "integrity": "sha512-Xb7SVYMvygPxbFMpTFQiHh1J7HClEaThguL15N/Gg37Lri/qKyhRGZYzHRyLH8Stq3Aow0LsHO2O2ci86fCrNQ=="
    },
    "moment": {
      "version": "2.24.0",
      "resolved": "https://registry.npmjs.org/moment/-/moment-2.24.0.tgz",
      "integrity": "sha512-bV7f+6l2QigeBBZSM/6yTNq4P2fNpSWj/0e7jQcy87A8e7o2nAfP/34/2ky5Vw4B9S446EtIhodAzkFCcR4dQg=="
    },
    "ngx-timeago": {
      "version": "1.0.2",
      "resolved": "https://registry.npmjs.org/ngx-timeago/-/ngx-timeago-1.0.2.tgz",
      "integrity": "sha512-EgLteIN4BwfMAzw0L06cpIg+2eC5zZv6qlZxTjRjvVxsSSZLPXTjV3fwrcR+UQKfOs6Dm8KkeK/TmYnY24ihPg=="
    },
    "rxjs": {
      "version": "5.5.11",
      "resolved": "https://registry.npmjs.org/rxjs/-/rxjs-5.5.11.tgz",
      "integrity": "sha512-3bjO7UwWfA2CV7lmwYMBzj4fQ6Cq+ftHc2MvUe+WMS7wcdJ1LosDWmdjPQanYp2dBRj572p7PeU81JUxHKOcBA=="
    },
    "sockjs-client": {
      "version": "1.4.0",
      "resolved": "https://registry.npmjs.org/sockjs-client/-/sockjs-client-1.4.0.tgz",
      "integrity": "sha512-5zaLyO8/nri5cua0VtOrFXBPK1jbL4+1cebT/mmKA1E1ZXOvJrII75bPu0l0k843G/+iAbhEqzyKr0w/eCCj7g==",
      "dependencies": {
        "debug": {
          "version": "3.2.6",
          "resolved": "https://registry.npmjs.org/debug/-/debug-3.2.6.tgz",
          "integrity": "sha512-mel+jf7nrtEl5Pn1Qx46zARXKDpBbvzezse7p7LqINmdoIk8PYP5SySaxEmYv6TZ0JyEKA1hsCId6DIhgITtWQ=="
        },
        "ms": {
          "version": "2.1.2",
          "resolved": "https://registry.npmjs.org/ms/-/ms-2.1.2.tgz",
          "integrity": "sha512-sGkPx+VjMtmA6MX27oA4FBFELFCZZ4S4XqeGOXCv68tT+jb3vk/RyaKWP0PTKyWtmLSM0b+adUTEvbs1PEaH2w=="
        }
      }
    },
    "speedtest-net": {
      "version": "1.6.0",
      "resolved": "https://registry.npmjs.org/speedtest-net/-/speedtest-net-1.6.0.tgz",
      "integrity": "sha512-uxeA4BGApj3Ghb6VQtcsem0ZoeyQGwLDzL6WP3hJiegS9GBIvpPKDeTzY5/K2/CMoZcihrVYIW3yIABQb2LMOg=="
    },
    "stompjs": {
      "version": "2.3.3",
      "resolved": "https://registry.npmjs.org/stompjs/-/stompjs-2.3.3.tgz",
      "integrity": "sha1-NBeKx7uO4pTMXVVK2LUPf1RZ/Y4="
    },
    "sw-toolbox": {
      "version": "3.6.0",
      "resolved": "https://registry.npmjs.org/sw-toolbox/-/sw-toolbox-3.6.0.tgz",
      "integrity": "sha1-Jt8dHHA0hljk3qKIQxkUm3sxg7U="
    },
    "typescript": {
      "version": "2.6.2",
      "resolved": "https://registry.npmjs.org/typescript/-/typescript-2.6.2.tgz",
      "integrity": "sha1-PFtv1/beCRQmkCfwPAlGdY92c6Q=",
      "dev": true
    },
    "zone.js": {
      "version": "0.8.26",
      "resolved": "https://registry.npmjs.org/zone.js/-/zone.js-0.8.26.tgz",
      "integrity": "sha512-W9Nj+UmBJG251wkCacIkETgra4QgBo/vgoEkb4a2uoLzpQG7qF9nzwoLXWU5xj3Fg2mxGvEDh47mg24vXccYjA=="
    }
  }
}
